
Microsoft Visual Studio Solution File, Format Version 12.00
# Visual Studio Version 16
VisualStudioVersion = 16.0.32413.511
MinimumVisualStudioVersion = 10.0.40219.1
Project("{FAE04EC0-301F-11D3-BF4B-00C04F79EFBC}") = "attendancesystem", "attendancesystem\attendancesystem.csproj", "{925BD71A-AEBA-437D-915E-79BB4C267EA2}"
EndProject
Global
	GlobalSection(SolutionConfigurationPlatforms) = preSolution
		Debug|Any CPU = Debug|Any CPU
		Release|Any CPU = Release|Any CPU
	EndGlobalSection
	GlobalSection(ProjectConfigurationPlatforms) = postSolution
		{925BD71A-AEBA-437D-915E-79BB4C267EA2}.Debug|Any CPU.ActiveCfg = Debug|Any CPU
		{925BD71A-AEBA-437D-915E-79BB4C267EA2}.Debug|Any CPU.Build.0 = Debug|Any CPU
		{925BD71A-AEBA-437D-915E-79BB4C267EA2}.Release|Any CPU.ActiveCfg = Release|Any CPU
		{925BD71A-AEBA-437D-915E-79BB4C267EA2}.Release|Any CPU.Build.0 = Release|Any CPU
	EndGlobalSection
	GlobalSection(SolutionProperties) = preSolution
		HideSolutionNode = FALSE
	EndGlobalSection
	GlobalSection(ExtensibilityGlobals) = postSolution
		SolutionGuid = {7C66038A-1AC7-469E-B9D9-836725F59F0E}
	EndGlobalSection
EndGlobal
